
Microsoft Visual Studio Solution File, Format Version 12.00
# Visual Studio Version 16
VisualStudioVersion = 16.0.30104.148
MinimumVisualStudioVersion = 10.0.40219.1
Project("{FAE04EC0-301F-11D3-BF4B-00C04F79EFBC}") = "XOGame", "XOGame\XOGame.csproj", "{D7C9CB33-AAED-4F15-ABDF-79C4B0AC0EE1}"
EndProject
Global
	GlobalSection(SolutionConfigurationPlatforms) = preSolution
		Debug|Any CPU = Debug|Any CPU
		Release|Any CPU = Release|Any CPU
	EndGlobalSection
	GlobalSection(ProjectConfigurationPlatforms) = postSolution
		{D7C9CB33-AAED-4F15-ABDF-79C4B0AC0EE1}.Debug|Any CPU.ActiveCfg = Debug|Any CPU
		{D7C9CB33-AAED-4F15-ABDF-79C4B0AC0EE1}.Debug|Any CPU.Build.0 = Debug|Any CPU
		{D7C9CB33-AAED-4F15-ABDF-79C4B0AC0EE1}.Release|Any CPU.ActiveCfg = Release|Any CPU
		{D7C9CB33-AAED-4F15-ABDF-79C4B0AC0EE1}.Release|Any CPU.Build.0 = Release|Any CPU
	EndGlobalSection
	GlobalSection(SolutionProperties) = preSolution
		HideSolutionNode = FALSE
	EndGlobalSection
	GlobalSection(ExtensibilityGlobals) = postSolution
		SolutionGuid = {3C8A81A1-4CF4-4E23-8D5E-5EE82022F811}
	EndGlobalSection
EndGlobal
